
Microsoft Visual Studio Solution File, Format Version 12.00
# Visual Studio 2012
Project("{FAE04EC0-301F-11D3-BF4B-00C04F79EFBC}") = "WindowsFormsApplication11", "WindowsFormsApplication11\WindowsFormsApplication11.csproj", "{BF7D0408-7583-4434-A493-1F5B3C48DCD8}"
EndProject
Global
	GlobalSection(SolutionConfigurationPlatforms) = preSolution
		Debug|Any CPU = Debug|Any CPU
		Release|Any CPU = Release|Any CPU
	EndGlobalSection
	GlobalSection(ProjectConfigurationPlatforms) = postSolution
		{BF7D0408-7583-4434-A493-1F5B3C48DCD8}.Debug|Any CPU.ActiveCfg = Debug|Any CPU
		{BF7D0408-7583-4434-A493-1F5B3C48DCD8}.Debug|Any CPU.Build.0 = Debug|Any CPU
		{BF7D0408-7583-4434-A493-1F5B3C48DCD8}.Release|Any CPU.ActiveCfg = Release|Any CPU
		{BF7D0408-7583-4434-A493-1F5B3C48DCD8}.Release|Any CPU.Build.0 = Release|Any CPU
	EndGlobalSection
	GlobalSection(SolutionProperties) = preSolution
		HideSolutionNode = FALSE
	EndGlobalSection
EndGlobal
